# This file is generated by running "yarn install" inside your project.
# Manual changes might be lost - proceed with caution!

__metadata:
  version: 4
  cacheKey: 5

"cross-fetch@npm:^3.0.0":
  version: 3.0.5
  resolution: "cross-fetch@npm:3.0.5"
  dependencies:
    node-fetch: 2.6.0
  checksum: 99f0f4ae222c611bfd45c176e95335ffb4046c662e349afcdcfad8edf9a76cefb68e6dfb6707cddf0ad23d231290346a76d70ba1205f8af4cb335eb52321b4bc
  languageName: node
  linkType: hard

"dotenv@npm:^8.2.0":
  version: 8.2.0
  resolution: "dotenv@npm:8.2.0"
  checksum: 16cb89cbd7b98b053899b8aba8c5044c8fb61a2db8a81fe70360b75035fce5fed53bd7a34d772be717d0880c0321122a4c09423f518025e1b52d96791521b1a7
  languageName: node
  linkType: hard

"node-fetch@npm:2.6.0":
  version: 2.6.0
  resolution: "node-fetch@npm:2.6.0"
  checksum: dd9f586a9f7ddb7dd94d2aba9cb693d32f5001e9850098512fbc8a4cbdd56838afa08ed0a6725b9fce9b01ec12b713e622cbfc16d92762d8b937b238330a632a
  languageName: node
  linkType: hard

"oauth-1.0a@npm:^2.2.4":
  version: 2.2.6
  resolution: "oauth-1.0a@npm:2.2.6"
  checksum: 9a8a3197bdf6c5ec2b44a5e89f3ef98398c5ffdb78108da5895901c27e25a6897fb810d671ea15fdc70484a9908b4d3620defed9e648c6dd5411354eb8d0eb15
  languageName: node
  linkType: hard

"sleep-atomic@npm:^0.9.5":
  version: 0.9.5
  resolution: "sleep-atomic@npm:0.9.5"
  bin:
    sleep: index.js
  checksum: cf6b3fef140d70887c0ba9a29d9f4c22911b9684f96bfa1b60672cc95c3103f7938a57b25eea469111f9d33dd1c95a82b4d168f76ab3e6acf236ea06f976254d
  languageName: node
  linkType: hard

"twitter-lite@npm:^0.14.0":
  version: 0.14.0
  resolution: "twitter-lite@npm:0.14.0"
  dependencies:
    cross-fetch: ^3.0.0
    oauth-1.0a: ^2.2.4
  checksum: 7a0aca5b2411f671304c9f01f76c9fd673e9b32a7cdf01b56edfa8fb1cd28158077d668a71aa8de2f8e436f09334c37eca9d88b44813cd6b4dc10177485e37e2
  languageName: node
  linkType: hard

"twitter-tweet@workspace:.":
  version: 0.0.0-use.local
  resolution: "twitter-tweet@workspace:."
  dependencies:
    dotenv: ^8.2.0
    sleep-atomic: ^0.9.5
    twitter-lite: ^0.14.0
  languageName: unknown
  linkType: soft
